
Microsoft Visual Studio Solution File, Format Version 12.00
Project("{FAE04EC0-301F-11D3-BF4B-00C04F79EFBC}") = "lab3", "lab3\lab3.csproj", "{CF19ED5B-9B1A-435F-99BD-49BF6954385B}"
EndProject
Global
	GlobalSection(SolutionConfigurationPlatforms) = preSolution
		Debug|Any CPU = Debug|Any CPU
		Release|Any CPU = Release|Any CPU
	EndGlobalSection
	GlobalSection(ProjectConfigurationPlatforms) = postSolution
		{CF19ED5B-9B1A-435F-99BD-49BF6954385B}.Debug|Any CPU.ActiveCfg = Debug|Any CPU
		{CF19ED5B-9B1A-435F-99BD-49BF6954385B}.Debug|Any CPU.Build.0 = Debug|Any CPU
		{CF19ED5B-9B1A-435F-99BD-49BF6954385B}.Release|Any CPU.ActiveCfg = Release|Any CPU
		{CF19ED5B-9B1A-435F-99BD-49BF6954385B}.Release|Any CPU.Build.0 = Release|Any CPU
	EndGlobalSection
EndGlobal
