
Microsoft Visual Studio Solution File, Format Version 12.00
Project("{FAE04EC0-301F-11D3-BF4B-00C04F79EFBC}") = "lab6", "lab6\lab6.csproj", "{5C2A6338-D8A5-4C1C-A8EC-2378D81969EB}"
EndProject
Global
	GlobalSection(SolutionConfigurationPlatforms) = preSolution
		Debug|Any CPU = Debug|Any CPU
		Release|Any CPU = Release|Any CPU
	EndGlobalSection
	GlobalSection(ProjectConfigurationPlatforms) = postSolution
		{5C2A6338-D8A5-4C1C-A8EC-2378D81969EB}.Debug|Any CPU.ActiveCfg = Debug|Any CPU
		{5C2A6338-D8A5-4C1C-A8EC-2378D81969EB}.Debug|Any CPU.Build.0 = Debug|Any CPU
		{5C2A6338-D8A5-4C1C-A8EC-2378D81969EB}.Release|Any CPU.ActiveCfg = Release|Any CPU
		{5C2A6338-D8A5-4C1C-A8EC-2378D81969EB}.Release|Any CPU.Build.0 = Release|Any CPU
	EndGlobalSection
EndGlobal
