
Microsoft Visual Studio Solution File, Format Version 12.00
Project("{FAE04EC0-301F-11D3-BF4B-00C04F79EFBC}") = "ConsoleApplication1", "ConsoleApplication1\ConsoleApplication1.csproj", "{DC36F02A-9C58-4569-BDBE-72E3314E80AE}"
EndProject
Global
	GlobalSection(SolutionConfigurationPlatforms) = preSolution
		Debug|Any CPU = Debug|Any CPU
		Release|Any CPU = Release|Any CPU
	EndGlobalSection
	GlobalSection(ProjectConfigurationPlatforms) = postSolution
		{DC36F02A-9C58-4569-BDBE-72E3314E80AE}.Debug|Any CPU.ActiveCfg = Debug|Any CPU
		{DC36F02A-9C58-4569-BDBE-72E3314E80AE}.Debug|Any CPU.Build.0 = Debug|Any CPU
		{DC36F02A-9C58-4569-BDBE-72E3314E80AE}.Release|Any CPU.ActiveCfg = Release|Any CPU
		{DC36F02A-9C58-4569-BDBE-72E3314E80AE}.Release|Any CPU.Build.0 = Release|Any CPU
	EndGlobalSection
EndGlobal
